
Microsoft Visual Studio Solution File, Format Version 12.00
# Visual Studio Version 17
VisualStudioVersion = 17.8.34330.188
MinimumVisualStudioVersion = 10.0.40219.1
Project("{FAE04EC0-301F-11D3-BF4B-00C04F79EFBC}") = "URApp", "URApp\URApp.csproj", "{F3763740-7D7B-4D86-8582-F9B3CF31D47D}"
EndProject
Global
	GlobalSection(SolutionConfigurationPlatforms) = preSolution
		Debug|Any CPU = Debug|Any CPU
		Release|Any CPU = Release|Any CPU
	EndGlobalSection
	GlobalSection(ProjectConfigurationPlatforms) = postSolution
		{F3763740-7D7B-4D86-8582-F9B3CF31D47D}.Debug|Any CPU.ActiveCfg = Debug|Any CPU
		{F3763740-7D7B-4D86-8582-F9B3CF31D47D}.Debug|Any CPU.Build.0 = Debug|Any CPU
		{F3763740-7D7B-4D86-8582-F9B3CF31D47D}.Release|Any CPU.ActiveCfg = Release|Any CPU
		{F3763740-7D7B-4D86-8582-F9B3CF31D47D}.Release|Any CPU.Build.0 = Release|Any CPU
	EndGlobalSection
	GlobalSection(SolutionProperties) = preSolution
		HideSolutionNode = FALSE
	EndGlobalSection
	GlobalSection(ExtensibilityGlobals) = postSolution
		SolutionGuid = {757B128F-9D10-4ED8-AB40-38F8053DFEBD}
	EndGlobalSection
EndGlobal
